
Microsoft Visual Studio Solution File, Format Version 12.00
# Visual Studio Version 17
VisualStudioVersion = 17.12.35514.174
MinimumVisualStudioVersion = 10.0.40219.1
Project("{FAE04EC0-301F-11D3-BF4B-00C04F79EFBC}") = "HoE", "HoE\HoE.csproj", "{993B9B5F-639C-41DB-95F6-10A1C321125B}"
EndProject
Project("{FAE04EC0-301F-11D3-BF4B-00C04F79EFBC}") = "HoE.CoreBusiness", "HoE.CoreBusiness\HoE.CoreBusiness.csproj", "{34BBF989-623F-4349-8B33-199F9502715D}"
EndProject
Project("{FAE04EC0-301F-11D3-BF4B-00C04F79EFBC}") = "HoE.UseCase", "HoE.UseCase\HoE.UseCase.csproj", "{830CA826-9015-4A02-AC0F-E10855DDEBEB}"
EndProject
Project("{2150E333-8FDC-42A3-9474-1A3956D46DE8}") = "HoE.Plugins", "HoE.Plugins", "{7085A894-9805-4F55-A469-9C7162823871}"
EndProject
Project("{FAE04EC0-301F-11D3-BF4B-00C04F79EFBC}") = "HoE.Plugins.InMemory", "HoE.Plugins.InMemory\HoE.Plugins.InMemory.csproj", "{496E5803-0C32-43B5-B290-194929DE1004}"
EndProject
Project("{FAE04EC0-301F-11D3-BF4B-00C04F79EFBC}") = "HoE.Plugins.EFCoreSqlServer", "HoE.Plugins\HoE.Plugins.EFCoreSqlServer\HoE.Plugins.EFCoreSqlServer.csproj", "{4EBA929F-3D44-48E2-AAF5-6FD0FE7F3915}"
EndProject
Global
	GlobalSection(SolutionConfigurationPlatforms) = preSolution
		Debug|Any CPU = Debug|Any CPU
		Release|Any CPU = Release|Any CPU
	EndGlobalSection
	GlobalSection(ProjectConfigurationPlatforms) = postSolution
		{993B9B5F-639C-41DB-95F6-10A1C321125B}.Debug|Any CPU.ActiveCfg = Debug|Any CPU
		{993B9B5F-639C-41DB-95F6-10A1C321125B}.Debug|Any CPU.Build.0 = Debug|Any CPU
		{993B9B5F-639C-41DB-95F6-10A1C321125B}.Release|Any CPU.ActiveCfg = Release|Any CPU
		{993B9B5F-639C-41DB-95F6-10A1C321125B}.Release|Any CPU.Build.0 = Release|Any CPU
		{34BBF989-623F-4349-8B33-199F9502715D}.Debug|Any CPU.ActiveCfg = Debug|Any CPU
		{34BBF989-623F-4349-8B33-199F9502715D}.Debug|Any CPU.Build.0 = Debug|Any CPU
		{34BBF989-623F-4349-8B33-199F9502715D}.Release|Any CPU.ActiveCfg = Release|Any CPU
		{34BBF989-623F-4349-8B33-199F9502715D}.Release|Any CPU.Build.0 = Release|Any CPU
		{830CA826-9015-4A02-AC0F-E10855DDEBEB}.Debug|Any CPU.ActiveCfg = Debug|Any CPU
		{830CA826-9015-4A02-AC0F-E10855DDEBEB}.Debug|Any CPU.Build.0 = Debug|Any CPU
		{830CA826-9015-4A02-AC0F-E10855DDEBEB}.Release|Any CPU.ActiveCfg = Release|Any CPU
		{830CA826-9015-4A02-AC0F-E10855DDEBEB}.Release|Any CPU.Build.0 = Release|Any CPU
		{496E5803-0C32-43B5-B290-194929DE1004}.Debug|Any CPU.ActiveCfg = Debug|Any CPU
		{496E5803-0C32-43B5-B290-194929DE1004}.Debug|Any CPU.Build.0 = Debug|Any CPU
		{496E5803-0C32-43B5-B290-194929DE1004}.Release|Any CPU.ActiveCfg = Release|Any CPU
		{496E5803-0C32-43B5-B290-194929DE1004}.Release|Any CPU.Build.0 = Release|Any CPU
		{4EBA929F-3D44-48E2-AAF5-6FD0FE7F3915}.Debug|Any CPU.ActiveCfg = Debug|Any CPU
		{4EBA929F-3D44-48E2-AAF5-6FD0FE7F3915}.Debug|Any CPU.Build.0 = Debug|Any CPU
		{4EBA929F-3D44-48E2-AAF5-6FD0FE7F3915}.Release|Any CPU.ActiveCfg = Release|Any CPU
		{4EBA929F-3D44-48E2-AAF5-6FD0FE7F3915}.Release|Any CPU.Build.0 = Release|Any CPU
	EndGlobalSection
	GlobalSection(SolutionProperties) = preSolution
		HideSolutionNode = FALSE
	EndGlobalSection
	GlobalSection(NestedProjects) = preSolution
		{496E5803-0C32-43B5-B290-194929DE1004} = {7085A894-9805-4F55-A469-9C7162823871}
		{4EBA929F-3D44-48E2-AAF5-6FD0FE7F3915} = {7085A894-9805-4F55-A469-9C7162823871}
	EndGlobalSection
EndGlobal
